
Microsoft Visual Studio Solution File, Format Version 12.00
# Visual Studio Version 17
VisualStudioVersion = 17.6.33829.357
MinimumVisualStudioVersion = 10.0.40219.1
Project("{9A19103F-16F7-4668-BE54-9A1E7A4F7556}") = "Inventory.Api", "Inventory.Api\Inventory.Api.csproj", "{30BA58BB-8DBF-4400-88E3-B96A1DA74A04}"
EndProject
Project("{9A19103F-16F7-4668-BE54-9A1E7A4F7556}") = "Inventory.Application", "Inventory.Application\Inventory.Application.csproj", "{A071A702-1519-4CCA-A533-C4C3089C768F}"
EndProject
Project("{9A19103F-16F7-4668-BE54-9A1E7A4F7556}") = "Inventory.Domain", "Inventory.Domain\Inventory.Domain.csproj", "{B5718BE0-80DD-4C9E-8234-761818E2131E}"
EndProject
Project("{9A19103F-16F7-4668-BE54-9A1E7A4F7556}") = "Inventory.Persistence", "Inventory.Persistence\Inventory.Persistence.csproj", "{E822EF9F-4B43-44B5-A09F-09820576902F}"
EndProject
Project("{9A19103F-16F7-4668-BE54-9A1E7A4F7556}") = "Inventory.Infrastructure", "Inventory.Infrastructure\Inventory.Infrastructure.csproj", "{5E273AC7-DEB3-47CB-9F77-D7068D2037A1}"
EndProject
Project("{00D1A9C2-B5F0-4AF3-8072-F6C62B433612}") = "Inventory.Database", "Inventory.Database\Inventory.Database.sqlproj", "{7D66BFD3-C6FC-4D08-803B-A2C001AF06B4}"
EndProject
Project("{9A19103F-16F7-4668-BE54-9A1E7A4F7556}") = "Inventory.Client", "InventoryApp.Client\Inventory.Client.csproj", "{9BAE59AE-26BA-455A-8903-36EC37477534}"
EndProject
Global
	GlobalSection(SolutionConfigurationPlatforms) = preSolution
		Debug|Any CPU = Debug|Any CPU
		Release|Any CPU = Release|Any CPU
	EndGlobalSection
	GlobalSection(ProjectConfigurationPlatforms) = postSolution
		{30BA58BB-8DBF-4400-88E3-B96A1DA74A04}.Debug|Any CPU.ActiveCfg = Debug|Any CPU
		{30BA58BB-8DBF-4400-88E3-B96A1DA74A04}.Debug|Any CPU.Build.0 = Debug|Any CPU
		{30BA58BB-8DBF-4400-88E3-B96A1DA74A04}.Release|Any CPU.ActiveCfg = Release|Any CPU
		{30BA58BB-8DBF-4400-88E3-B96A1DA74A04}.Release|Any CPU.Build.0 = Release|Any CPU
		{A071A702-1519-4CCA-A533-C4C3089C768F}.Debug|Any CPU.ActiveCfg = Debug|Any CPU
		{A071A702-1519-4CCA-A533-C4C3089C768F}.Debug|Any CPU.Build.0 = Debug|Any CPU
		{A071A702-1519-4CCA-A533-C4C3089C768F}.Release|Any CPU.ActiveCfg = Release|Any CPU
		{A071A702-1519-4CCA-A533-C4C3089C768F}.Release|Any CPU.Build.0 = Release|Any CPU
		{B5718BE0-80DD-4C9E-8234-761818E2131E}.Debug|Any CPU.ActiveCfg = Debug|Any CPU
		{B5718BE0-80DD-4C9E-8234-761818E2131E}.Debug|Any CPU.Build.0 = Debug|Any CPU
		{B5718BE0-80DD-4C9E-8234-761818E2131E}.Release|Any CPU.ActiveCfg = Release|Any CPU
		{B5718BE0-80DD-4C9E-8234-761818E2131E}.Release|Any CPU.Build.0 = Release|Any CPU
		{E822EF9F-4B43-44B5-A09F-09820576902F}.Debug|Any CPU.ActiveCfg = Debug|Any CPU
		{E822EF9F-4B43-44B5-A09F-09820576902F}.Debug|Any CPU.Build.0 = Debug|Any CPU
		{E822EF9F-4B43-44B5-A09F-09820576902F}.Release|Any CPU.ActiveCfg = Release|Any CPU
		{E822EF9F-4B43-44B5-A09F-09820576902F}.Release|Any CPU.Build.0 = Release|Any CPU
		{5E273AC7-DEB3-47CB-9F77-D7068D2037A1}.Debug|Any CPU.ActiveCfg = Debug|Any CPU
		{5E273AC7-DEB3-47CB-9F77-D7068D2037A1}.Debug|Any CPU.Build.0 = Debug|Any CPU
		{5E273AC7-DEB3-47CB-9F77-D7068D2037A1}.Release|Any CPU.ActiveCfg = Release|Any CPU
		{5E273AC7-DEB3-47CB-9F77-D7068D2037A1}.Release|Any CPU.Build.0 = Release|Any CPU
		{7D66BFD3-C6FC-4D08-803B-A2C001AF06B4}.Debug|Any CPU.ActiveCfg = Debug|Any CPU
		{7D66BFD3-C6FC-4D08-803B-A2C001AF06B4}.Debug|Any CPU.Deploy.0 = Debug|Any CPU
		{7D66BFD3-C6FC-4D08-803B-A2C001AF06B4}.Release|Any CPU.ActiveCfg = Release|Any CPU
		{7D66BFD3-C6FC-4D08-803B-A2C001AF06B4}.Release|Any CPU.Build.0 = Release|Any CPU
		{7D66BFD3-C6FC-4D08-803B-A2C001AF06B4}.Release|Any CPU.Deploy.0 = Release|Any CPU
		{9BAE59AE-26BA-455A-8903-36EC37477534}.Debug|Any CPU.ActiveCfg = Debug|Any CPU
		{9BAE59AE-26BA-455A-8903-36EC37477534}.Release|Any CPU.ActiveCfg = Release|Any CPU
		{9BAE59AE-26BA-455A-8903-36EC37477534}.Release|Any CPU.Build.0 = Release|Any CPU
	EndGlobalSection
	GlobalSection(SolutionProperties) = preSolution
		HideSolutionNode = FALSE
	EndGlobalSection
	GlobalSection(ExtensibilityGlobals) = postSolution
		SolutionGuid = {DEF784F9-989B-422D-8F23-1508FD7C855E}
	EndGlobalSection
EndGlobal
